
Microsoft Visual Studio Solution File, Format Version 12.00
# Visual Studio Version 16
VisualStudioVersion = 16.0.30621.155
MinimumVisualStudioVersion = 10.0.40219.1
Project("{FAE04EC0-301F-11D3-BF4B-00C04F79EFBC}") = "Minesweeper", "Minesweeper.csproj", "{A5BE11F4-2043-4F0A-ABF9-813EA0375F51}"
EndProject
Project("{2150E333-8FDC-42A3-9474-1A3956D46DE8}") = "Tests", "Tests", "{152203E3-10DE-4C03-B9B7-1848FE3B8F45}"
EndProject
Project("{FAE04EC0-301F-11D3-BF4B-00C04F79EFBC}") = "given_a_minesweeper_game.tests", "..\given_a_minesweeper_game.tests\given_a_minesweeper_game.tests.csproj", "{62E5F8AE-F841-4DEB-9114-7CAB26CE0F24}"
EndProject
Global
	GlobalSection(SolutionConfigurationPlatforms) = preSolution
		Debug|Any CPU = Debug|Any CPU
		Release|Any CPU = Release|Any CPU
	EndGlobalSection
	GlobalSection(ProjectConfigurationPlatforms) = postSolution
		{A5BE11F4-2043-4F0A-ABF9-813EA0375F51}.Debug|Any CPU.ActiveCfg = Debug|Any CPU
		{A5BE11F4-2043-4F0A-ABF9-813EA0375F51}.Debug|Any CPU.Build.0 = Debug|Any CPU
		{A5BE11F4-2043-4F0A-ABF9-813EA0375F51}.Release|Any CPU.ActiveCfg = Release|Any CPU
		{A5BE11F4-2043-4F0A-ABF9-813EA0375F51}.Release|Any CPU.Build.0 = Release|Any CPU
		{62E5F8AE-F841-4DEB-9114-7CAB26CE0F24}.Debug|Any CPU.ActiveCfg = Debug|Any CPU
		{62E5F8AE-F841-4DEB-9114-7CAB26CE0F24}.Debug|Any CPU.Build.0 = Debug|Any CPU
		{62E5F8AE-F841-4DEB-9114-7CAB26CE0F24}.Release|Any CPU.ActiveCfg = Release|Any CPU
		{62E5F8AE-F841-4DEB-9114-7CAB26CE0F24}.Release|Any CPU.Build.0 = Release|Any CPU
	EndGlobalSection
	GlobalSection(SolutionProperties) = preSolution
		HideSolutionNode = FALSE
	EndGlobalSection
	GlobalSection(NestedProjects) = preSolution
		{62E5F8AE-F841-4DEB-9114-7CAB26CE0F24} = {152203E3-10DE-4C03-B9B7-1848FE3B8F45}
	EndGlobalSection
	GlobalSection(ExtensibilityGlobals) = postSolution
		SolutionGuid = {87C6C8EB-AFA3-4780-80E9-6186EF15E127}
	EndGlobalSection
EndGlobal
